
Microsoft Visual Studio Solution File, Format Version 12.00
# Visual Studio Version 16
VisualStudioVersion = 16.0.32106.194
MinimumVisualStudioVersion = 10.0.40219.1
Project("{FAE04EC0-301F-11D3-BF4B-00C04F79EFBC}") = "onze", "onze\onze.csproj", "{C5A84A10-BF5D-4CFF-A1F3-B67720EEA1EF}"
EndProject
Global
	GlobalSection(SolutionConfigurationPlatforms) = preSolution
		Debug|Any CPU = Debug|Any CPU
		Release|Any CPU = Release|Any CPU
	EndGlobalSection
	GlobalSection(ProjectConfigurationPlatforms) = postSolution
		{C5A84A10-BF5D-4CFF-A1F3-B67720EEA1EF}.Debug|Any CPU.ActiveCfg = Debug|Any CPU
		{C5A84A10-BF5D-4CFF-A1F3-B67720EEA1EF}.Debug|Any CPU.Build.0 = Debug|Any CPU
		{C5A84A10-BF5D-4CFF-A1F3-B67720EEA1EF}.Release|Any CPU.ActiveCfg = Release|Any CPU
		{C5A84A10-BF5D-4CFF-A1F3-B67720EEA1EF}.Release|Any CPU.Build.0 = Release|Any CPU
	EndGlobalSection
	GlobalSection(SolutionProperties) = preSolution
		HideSolutionNode = FALSE
	EndGlobalSection
	GlobalSection(ExtensibilityGlobals) = postSolution
		SolutionGuid = {4DD109E3-923B-4FC0-B93E-75EF70F9E35C}
	EndGlobalSection
EndGlobal
